
Microsoft Visual Studio Solution File, Format Version 12.00
# Visual Studio Version 17
VisualStudioVersion = 17.8.34330.188
MinimumVisualStudioVersion = 10.0.40219.1
Project("{9A19103F-16F7-4668-BE54-9A1E7A4F7556}") = "DarkRoles", "DarkRoles.csproj", "{EE6E1B6D-C0B5-42A3-8271-1A28A56351FE}"
EndProject
Global
	GlobalSection(SolutionConfigurationPlatforms) = preSolution
		Debug|Any CPU = Debug|Any CPU
		Release|Any CPU = Release|Any CPU
	EndGlobalSection
	GlobalSection(ProjectConfigurationPlatforms) = postSolution
		{EE6E1B6D-C0B5-42A3-8271-1A28A56351FE}.Debug|Any CPU.ActiveCfg = Debug|Any CPU
		{EE6E1B6D-C0B5-42A3-8271-1A28A56351FE}.Debug|Any CPU.Build.0 = Debug|Any CPU
		{EE6E1B6D-C0B5-42A3-8271-1A28A56351FE}.Release|Any CPU.ActiveCfg = Release|Any CPU
		{EE6E1B6D-C0B5-42A3-8271-1A28A56351FE}.Release|Any CPU.Build.0 = Release|Any CPU
	EndGlobalSection
	GlobalSection(SolutionProperties) = preSolution
		HideSolutionNode = FALSE
	EndGlobalSection
	GlobalSection(ExtensibilityGlobals) = postSolution
		SolutionGuid = {EB26C79B-6FBD-455C-93D0-CF5580E50511}
	EndGlobalSection
EndGlobal
