
Microsoft Visual Studio Solution File, Format Version 12.00
# Visual Studio Version 17
VisualStudioVersion = 17.7.34003.232
MinimumVisualStudioVersion = 10.0.40219.1
Project("{9A19103F-16F7-4668-BE54-9A1E7A4F7556}") = "TownOfHost", "TownOfHost.csproj", "{51A32673-C142-4CEB-81A6-205ECF94FE8C}"
EndProject
Global
	GlobalSection(SolutionConfigurationPlatforms) = preSolution
		Debug|Any CPU = Debug|Any CPU
		Release|Any CPU = Release|Any CPU
	EndGlobalSection
	GlobalSection(ProjectConfigurationPlatforms) = postSolution
		{51A32673-C142-4CEB-81A6-205ECF94FE8C}.Debug|Any CPU.ActiveCfg = Debug|Any CPU
		{51A32673-C142-4CEB-81A6-205ECF94FE8C}.Debug|Any CPU.Build.0 = Debug|Any CPU
		{51A32673-C142-4CEB-81A6-205ECF94FE8C}.Release|Any CPU.ActiveCfg = Release|Any CPU
		{51A32673-C142-4CEB-81A6-205ECF94FE8C}.Release|Any CPU.Build.0 = Release|Any CPU
	EndGlobalSection
	GlobalSection(SolutionProperties) = preSolution
		HideSolutionNode = FALSE
	EndGlobalSection
	GlobalSection(ExtensibilityGlobals) = postSolution
		SolutionGuid = {CC0FA9CB-BB31-4753-92FB-1E8D40975A0F}
	EndGlobalSection
EndGlobal
